[ "ex_doc": {:git, "git://github.com/elixir-lang/ex_doc.git", "1419e7adc1c289cd75587d9f435c412c70c297d9", []},
  "httpotion": {:git, "git://github.com/myfreeweb/httpotion.git", "1e2c234b025c41cb2ff7570a35efa9f12d28f31b", []},
  "ibrowse": {:git, "git://github.com/cmullaparthi/ibrowse.git", "108c131d782c693bd3e26a6587da8196ef9282e3", []},
  "jsonex": {:git, "git://github.com/marcelog/jsonex.git", "6248cad507c8b77ace1dbb907a854a6b5cbc5695", []},
  "jsx": {:git, "git://github.com/talentdeficit/jsx.git", "9cb8703beecaf4c39e3dbfa293c747a0e7aa6450", []},
  "meck": {:git, "git://github.com/eproxus/meck.git", "917690864617cb9a565e58484c73275a7b40a997", [tag: "0.8"]} ]
